github.com/brihadeesh/hugo-tufte v0.0.0-20250708070907-55658fa09bee h1:DFHLoqjkX9jKkDU+/R+Eyo9/IIKqihdlrbjE9FtLsPk=
github.com/brihadeesh/hugo-tufte v0.0.0-20250708070907-55658fa09bee/go.mod h1:GYpXrHRRhIV2pMJDPorSPJ73R6HpYAsZqQOnydASdCY=
github.com/brihadeesh/hugo-tufte v0.0.0-20250712083836-5521389847eb h1:KqXpbJKeSlJDsfJjMf9U9RTcGTUtsypjSAAIk/RetRw=
github.com/brihadeesh/hugo-tufte v0.0.0-20250712083836-5521389847eb/go.mod h1:GYpXrHRRhIV2pMJDPorSPJ73R6HpYAsZqQOnydASdCY=
github.com/brihadeesh/hugo-tufte v0.0.0-20250712083953-20622ea6f817 h1:HDF2/PFQMybWOQ9PyQE+qf7JV0F47ou0srzVf1y2CLs=
github.com/brihadeesh/hugo-tufte v0.0.0-20250712083953-20622ea6f817/go.mod h1:GYpXrHRRhIV2pMJDPorSPJ73R6HpYAsZqQOnydASdCY=
github.com/brihadeesh/hugo-tufte v0.0.0-20250712084132-929d0f7bd576 h1:S29vaRhw4DjXWlM/bi/NgXueTMK2fOLf5Ewqn03yIZQ=
github.com/brihadeesh/hugo-tufte v0.0.0-20250712084132-929d0f7bd576/go.mod h1:GYpXrHRRhIV2pMJDPorSPJ73R6HpYAsZqQOnydASdCY=
github.com/brihadeesh/hugo-tufte v0.0.0-20250712084207-218719a87e37 h1:CL33GnMHeQXLk2lTT8JyUcGEk/OrnKnIcCkxUhR5jBU=
github.com/brihadeesh/hugo-tufte v0.0.0-20250712084207-218719a87e37/go.mod h1:GYpXrHRRhIV2pMJDPorSPJ73R6HpYAsZqQOnydASdCY=
github.com/brihadeesh/hugo-tufte v0.0.0-20250712084401-94293d7f8aa8 h1:n8pWdbo6WOAFpAV+9+RS0BYyM8PMwhwAYaq3wHQcG84=
github.com/brihadeesh/hugo-tufte v0.0.0-20250712084401-94293d7f8aa8/go.mod h1:GYpXrHRRhIV2pMJDPorSPJ73R6HpYAsZqQOnydASdCY=
github.com/brihadeesh/hugo-tufte v0.0.0-20250712084444-666ade1f366b h1:UZdP0XzIEXHCJKtpfhxeFZ8StFRqDREL7CzRJje+tjk=
github.com/brihadeesh/hugo-tufte v0.0.0-20250712084444-666ade1f366b/go.mod h1:GYpXrHRRhIV2pMJDPorSPJ73R6HpYAsZqQOnydASdCY=
github.com/brihadeesh/hugo-tufte v0.0.0-20250712084533-28bd2e3634d6 h1:xO5c4u8QxjDyLGSxpGFb9Gcvx9LunyX9MFB2O11LVMU=
github.com/brihadeesh/hugo-tufte v0.0.0-20250712084533-28bd2e3634d6/go.mod h1:GYpXrHRRhIV2pMJDPorSPJ73R6HpYAsZqQOnydASdCY=
github.com/brihadeesh/hugo-tufte v0.0.0-20250712084624-16254af5523c h1:iE1MhZdhG22SE4yQiB4OqbOQ9ZwQptqxYUboKcDOhcw=
github.com/brihadeesh/hugo-tufte v0.0.0-20250712084624-16254af5523c/go.mod h1:GYpXrHRRhIV2pMJDPorSPJ73R6HpYAsZqQOnydASdCY=
github.com/brihadeesh/hugo-tufte v0.0.0-20250712091013-bfe321168d02 h1:uqoz7VceOfiBzC0PB2wxRgHgk8RJJz4YzwSKjEEBcoE=
github.com/brihadeesh/hugo-tufte v0.0.0-20250712091013-bfe321168d02/go.mod h1:GYpXrHRRhIV2pMJDPorSPJ73R6HpYAsZqQOnydASdCY=
